{
  "name": "usage-esm",
  "version": "1.0.0",
  "lockfileVersion": 3,
  "requires": true,
  "packages": {
    "": {
      "name": "usage-esm",
      "version": "1.0.0",
      "license": "ISC",
      "dependencies": {
        "icebreaker-npm-basic-package": "^1.0.2"
      }
    },
    "node_modules/icebreaker-npm-basic-package": {
      "version": "1.0.2",
      "resolved": "https://registry.npmjs.org/icebreaker-npm-basic-package/-/icebreaker-npm-basic-package-1.0.2.tgz",
      "integrity": "sha512-lazEE0mHzmT9+7tt7O6e4ZpBYSCGPb3nnR812XuDefiOWwf1rQFl5O78W7ZQizxrPzwb9Inl0CpB2b3e4sB3vg==",
      "license": "ISC"
    }
  }
}
