{
  "name": "usage-esm",
  "version": "1.0.0",
  "lockfileVersion": 3,
  "requires": true,
  "packages": {
    "": {
      "name": "usage-esm",
      "version": "1.0.0",
      "license": "ISC",
      "dependencies": {
        "icebreaker-npm-basic-package": "^1.0.0"
      }
    },
    "node_modules/icebreaker-npm-basic-package": {
      "version": "1.0.0",
      "resolved": "https://registry.npmjs.org/icebreaker-npm-basic-package/-/icebreaker-npm-basic-package-1.0.0.tgz",
      "integrity": "sha512-2UtWkYX5tEUyuuXMS9gauDmj8887C5PKCimRQHml6VsiYT/qySViyot6vPDYjeENb+keytft5ZFF64Wvq+Vw0Q==",
      "license": "ISC"
    }
  }
}
