{
  "name": "usage-esm",
  "version": "1.0.0",
  "lockfileVersion": 3,
  "requires": true,
  "packages": {
    "": {
      "name": "usage-esm",
      "version": "1.0.0",
      "license": "ISC",
      "dependencies": {
        "chalk": "^5.6.2",
        "icebreaker-npm-basic-package": "1.0.5",
        "icebreaker-npm-basic-package-multiple-exports": "^0.0.0"
      }
    },
    "node_modules/chalk": {
      "version": "5.6.2",
      "resolved": "https://registry.npmjs.org/chalk/-/chalk-5.6.2.tgz",
      "integrity": "sha512-7NzBL0rN6fMUW+f7A6Io4h40qQlG+xGmtMxfbnH/K7TAtt8JQWVQK+6g0UXKMeVJoyV5EkkNsErQ8pVD3bLHbA==",
      "license": "MIT",
      "engines": {
        "node": "^12.17.0 || ^14.13 || >=16.0.0"
      },
      "funding": {
        "url": "https://github.com/chalk/chalk?sponsor=1"
      }
    },
    "node_modules/icebreaker-npm-basic-package": {
      "version": "1.0.5",
      "resolved": "https://registry.npmjs.org/icebreaker-npm-basic-package/-/icebreaker-npm-basic-package-1.0.5.tgz",
      "integrity": "sha512-tWDfJzIKb61L1hTM25dtjgBi1vljZZc16ummy5MqGEpCxf8eQAVLq3ZPq9TbHn0+pAXN2+OlFBBpPTvZuP/wUg==",
      "license": "ISC"
    },
    "node_modules/icebreaker-npm-basic-package-multiple-exports": {
      "version": "0.0.0",
      "resolved": "https://registry.npmjs.org/icebreaker-npm-basic-package-multiple-exports/-/icebreaker-npm-basic-package-multiple-exports-0.0.0.tgz",
      "integrity": "sha512-JZh7KXHzUsS9JlqOa0bjTM1i3xwAGHp3JBmK/kApZmZx7It8HfpE5vY98EAdjOHfVcCHKzJc24tkR1t2dv2dvA==",
      "license": "ISC"
    }
  }
}
