{
  "name": "usage-cjs",
  "version": "1.0.0",
  "lockfileVersion": 3,
  "requires": true,
  "packages": {
    "": {
      "name": "usage-cjs",
      "version": "1.0.0",
      "license": "ISC",
      "dependencies": {
        "icebreaker-npm-basic-package": "^1.0.5"
      }
    },
    "node_modules/icebreaker-npm-basic-package": {
      "version": "1.0.5",
      "resolved": "https://registry.npmjs.org/icebreaker-npm-basic-package/-/icebreaker-npm-basic-package-1.0.5.tgz",
      "integrity": "sha512-tWDfJzIKb61L1hTM25dtjgBi1vljZZc16ummy5MqGEpCxf8eQAVLq3ZPq9TbHn0+pAXN2+OlFBBpPTvZuP/wUg==",
      "license": "ISC"
    }
  }
}
